
Microsoft Visual Studio Solution File, Format Version 12.00
# Visual Studio Version 17
VisualStudioVersion = 17.9.34902.65
MinimumVisualStudioVersion = 10.0.40219.1
Project("{FAE04EC0-301F-11D3-BF4B-00C04F79EFBC}") = "doAnChuyenNghanh02", "doAnChuyenNghanh02.csproj", "{1C855D31-BC1B-4C9D-BD66-3F11A77A6F6B}"
EndProject
Global
	GlobalSection(SolutionConfigurationPlatforms) = preSolution
		Debug|Any CPU = Debug|Any CPU
		Release|Any CPU = Release|Any CPU
	EndGlobalSection
	GlobalSection(ProjectConfigurationPlatforms) = postSolution
		{1C855D31-BC1B-4C9D-BD66-3F11A77A6F6B}.Debug|Any CPU.ActiveCfg = Debug|Any CPU
		{1C855D31-BC1B-4C9D-BD66-3F11A77A6F6B}.Debug|Any CPU.Build.0 = Debug|Any CPU
		{1C855D31-BC1B-4C9D-BD66-3F11A77A6F6B}.Release|Any CPU.ActiveCfg = Release|Any CPU
		{1C855D31-BC1B-4C9D-BD66-3F11A77A6F6B}.Release|Any CPU.Build.0 = Release|Any CPU
	EndGlobalSection
	GlobalSection(SolutionProperties) = preSolution
		HideSolutionNode = FALSE
	EndGlobalSection
	GlobalSection(ExtensibilityGlobals) = postSolution
		SolutionGuid = {ED429D9D-CB87-42E7-BDFF-CBBF22847A3A}
	EndGlobalSection
EndGlobal
